
Microsoft Visual Studio Solution File, Format Version 12.00
# Visual Studio 15
VisualStudioVersion = 15.0.28010.2050
MinimumVisualStudioVersion = 10.0.40219.1
Project("{8BC9CEB8-8B4A-11D0-8D11-00A0C91BC942}") = "QuickSortData", "QuickSortData\QuickSortData.vcxproj", "{14523B10-CA2A-4B1F-83D2-CD1FCC699FDB}"
EndProject
Global
	GlobalSection(SolutionConfigurationPlatforms) = preSolution
		Debug|x64 = Debug|x64
		Debug|x86 = Debug|x86
		Release|x64 = Release|x64
		Release|x86 = Release|x86
	EndGlobalSection
	GlobalSection(ProjectConfigurationPlatforms) = postSolution
		{14523B10-CA2A-4B1F-83D2-CD1FCC699FDB}.Debug|x64.ActiveCfg = Debug|x64
		{14523B10-CA2A-4B1F-83D2-CD1FCC699FDB}.Debug|x64.Build.0 = Debug|x64
		{14523B10-CA2A-4B1F-83D2-CD1FCC699FDB}.Debug|x86.ActiveCfg = Debug|Win32
		{14523B10-CA2A-4B1F-83D2-CD1FCC699FDB}.Debug|x86.Build.0 = Debug|Win32
		{14523B10-CA2A-4B1F-83D2-CD1FCC699FDB}.Release|x64.ActiveCfg = Release|x64
		{14523B10-CA2A-4B1F-83D2-CD1FCC699FDB}.Release|x64.Build.0 = Release|x64
		{14523B10-CA2A-4B1F-83D2-CD1FCC699FDB}.Release|x86.ActiveCfg = Release|Win32
		{14523B10-CA2A-4B1F-83D2-CD1FCC699FDB}.Release|x86.Build.0 = Release|Win32
	EndGlobalSection
	GlobalSection(SolutionProperties) = preSolution
		HideSolutionNode = FALSE
	EndGlobalSection
	GlobalSection(ExtensibilityGlobals) = postSolution
		SolutionGuid = {873AC9D3-C3DD-433B-9393-C620790BE0A9}
	EndGlobalSection
EndGlobal
